
Microsoft Visual Studio Solution File, Format Version 12.00
# Visual Studio Version 17
VisualStudioVersion = 17.8.34511.84
MinimumVisualStudioVersion = 10.0.40219.1
Project("{FAE04EC0-301F-11D3-BF4B-00C04F79EFBC}") = "URIS2024_ExamRegistration", "URIS2024_ExamRegistration\URIS2024_ExamRegistration.csproj", "{C826193F-8331-4818-B04C-92B82FF23F5D}"
EndProject
Global
	GlobalSection(SolutionConfigurationPlatforms) = preSolution
		Debug|Any CPU = Debug|Any CPU
		Release|Any CPU = Release|Any CPU
	EndGlobalSection
	GlobalSection(ProjectConfigurationPlatforms) = postSolution
		{C826193F-8331-4818-B04C-92B82FF23F5D}.Debug|Any CPU.ActiveCfg = Debug|Any CPU
		{C826193F-8331-4818-B04C-92B82FF23F5D}.Debug|Any CPU.Build.0 = Debug|Any CPU
		{C826193F-8331-4818-B04C-92B82FF23F5D}.Release|Any CPU.ActiveCfg = Release|Any CPU
		{C826193F-8331-4818-B04C-92B82FF23F5D}.Release|Any CPU.Build.0 = Release|Any CPU
	EndGlobalSection
	GlobalSection(SolutionProperties) = preSolution
		HideSolutionNode = FALSE
	EndGlobalSection
	GlobalSection(ExtensibilityGlobals) = postSolution
		SolutionGuid = {DCB478B7-62F2-4FC0-A99E-02AAD1E1832B}
	EndGlobalSection
EndGlobal
